
Microsoft Visual Studio Solution File, Format Version 12.00
# Visual Studio Version 17
VisualStudioVersion = 17.11.35327.3
MinimumVisualStudioVersion = 10.0.40219.1
Project("{9A19103F-16F7-4668-BE54-9A1E7A4F7556}") = "JAPROJ", "JAPROJ\JAPROJ.csproj", "{59CEBC8F-E2B7-408E-8570-5618546BC6CC}"
	ProjectSection(ProjectDependencies) = postProject
		{38CE82C0-4DBF-4BDF-9BAF-F1A1EF06985C} = {38CE82C0-4DBF-4BDF-9BAF-F1A1EF06985C}
		{594CF006-C60B-46A5-890E-90392F195896} = {594CF006-C60B-46A5-890E-90392F195896}
	EndProjectSection
EndProject
Project("{8BC9CEB8-8B4A-11D0-8D11-00A0C91BC942}") = "CPPDLL", "CPPDLL\CPPDLL.vcxproj", "{38CE82C0-4DBF-4BDF-9BAF-F1A1EF06985C}"
EndProject
Project("{8BC9CEB8-8B4A-11D0-8D11-00A0C91BC942}") = "JADLL", "JADLL\JADLL.vcxproj", "{594CF006-C60B-46A5-890E-90392F195896}"
EndProject
Global
	GlobalSection(SolutionConfigurationPlatforms) = preSolution
		Debug|Any CPU = Debug|Any CPU
		Debug|x64 = Debug|x64
		Debug|x86 = Debug|x86
		Release|Any CPU = Release|Any CPU
		Release|x64 = Release|x64
		Release|x86 = Release|x86
	EndGlobalSection
	GlobalSection(ProjectConfigurationPlatforms) = postSolution
		{59CEBC8F-E2B7-408E-8570-5618546BC6CC}.Debug|Any CPU.ActiveCfg = Debug|Any CPU
		{59CEBC8F-E2B7-408E-8570-5618546BC6CC}.Debug|Any CPU.Build.0 = Debug|Any CPU
		{59CEBC8F-E2B7-408E-8570-5618546BC6CC}.Debug|x64.ActiveCfg = Debug|Any CPU
		{59CEBC8F-E2B7-408E-8570-5618546BC6CC}.Debug|x64.Build.0 = Debug|Any CPU
		{59CEBC8F-E2B7-408E-8570-5618546BC6CC}.Debug|x86.ActiveCfg = Debug|Any CPU
		{59CEBC8F-E2B7-408E-8570-5618546BC6CC}.Debug|x86.Build.0 = Debug|Any CPU
		{59CEBC8F-E2B7-408E-8570-5618546BC6CC}.Release|Any CPU.ActiveCfg = Release|Any CPU
		{59CEBC8F-E2B7-408E-8570-5618546BC6CC}.Release|Any CPU.Build.0 = Release|Any CPU
		{59CEBC8F-E2B7-408E-8570-5618546BC6CC}.Release|x64.ActiveCfg = Release|Any CPU
		{59CEBC8F-E2B7-408E-8570-5618546BC6CC}.Release|x64.Build.0 = Release|Any CPU
		{59CEBC8F-E2B7-408E-8570-5618546BC6CC}.Release|x86.ActiveCfg = Release|Any CPU
		{59CEBC8F-E2B7-408E-8570-5618546BC6CC}.Release|x86.Build.0 = Release|Any CPU
		{38CE82C0-4DBF-4BDF-9BAF-F1A1EF06985C}.Debug|Any CPU.ActiveCfg = Debug|x64
		{38CE82C0-4DBF-4BDF-9BAF-F1A1EF06985C}.Debug|Any CPU.Build.0 = Debug|x64
		{38CE82C0-4DBF-4BDF-9BAF-F1A1EF06985C}.Debug|x64.ActiveCfg = Debug|x64
		{38CE82C0-4DBF-4BDF-9BAF-F1A1EF06985C}.Debug|x64.Build.0 = Debug|x64
		{38CE82C0-4DBF-4BDF-9BAF-F1A1EF06985C}.Debug|x86.ActiveCfg = Debug|Win32
		{38CE82C0-4DBF-4BDF-9BAF-F1A1EF06985C}.Debug|x86.Build.0 = Debug|Win32
		{38CE82C0-4DBF-4BDF-9BAF-F1A1EF06985C}.Release|Any CPU.ActiveCfg = Release|x64
		{38CE82C0-4DBF-4BDF-9BAF-F1A1EF06985C}.Release|Any CPU.Build.0 = Release|x64
		{38CE82C0-4DBF-4BDF-9BAF-F1A1EF06985C}.Release|x64.ActiveCfg = Release|x64
		{38CE82C0-4DBF-4BDF-9BAF-F1A1EF06985C}.Release|x64.Build.0 = Release|x64
		{38CE82C0-4DBF-4BDF-9BAF-F1A1EF06985C}.Release|x86.ActiveCfg = Release|Win32
		{38CE82C0-4DBF-4BDF-9BAF-F1A1EF06985C}.Release|x86.Build.0 = Release|Win32
		{594CF006-C60B-46A5-890E-90392F195896}.Debug|Any CPU.ActiveCfg = Debug|x64
		{594CF006-C60B-46A5-890E-90392F195896}.Debug|Any CPU.Build.0 = Debug|x64
		{594CF006-C60B-46A5-890E-90392F195896}.Debug|x64.ActiveCfg = Debug|x64
		{594CF006-C60B-46A5-890E-90392F195896}.Debug|x64.Build.0 = Debug|x64
		{594CF006-C60B-46A5-890E-90392F195896}.Debug|x86.ActiveCfg = Debug|Win32
		{594CF006-C60B-46A5-890E-90392F195896}.Debug|x86.Build.0 = Debug|Win32
		{594CF006-C60B-46A5-890E-90392F195896}.Release|Any CPU.ActiveCfg = Release|x64
		{594CF006-C60B-46A5-890E-90392F195896}.Release|Any CPU.Build.0 = Release|x64
		{594CF006-C60B-46A5-890E-90392F195896}.Release|x64.ActiveCfg = Release|x64
		{594CF006-C60B-46A5-890E-90392F195896}.Release|x64.Build.0 = Release|x64
		{594CF006-C60B-46A5-890E-90392F195896}.Release|x86.ActiveCfg = Release|Win32
		{594CF006-C60B-46A5-890E-90392F195896}.Release|x86.Build.0 = Release|Win32
	EndGlobalSection
	GlobalSection(SolutionProperties) = preSolution
		HideSolutionNode = FALSE
	EndGlobalSection
	GlobalSection(ExtensibilityGlobals) = postSolution
		SolutionGuid = {40CB71C8-2AC6-4600-9CA5-F6FDE70EE971}
	EndGlobalSection
EndGlobal
